
Microsoft Visual Studio Solution File, Format Version 12.00
# Visual Studio Version 17
VisualStudioVersion = 17.2.32519.379
MinimumVisualStudioVersion = 10.0.40219.1
Project("{9A19103F-16F7-4668-BE54-9A1E7A4F7556}") = "SanteMPI.Persistence.ADO", "SanteMPI.Persistence.ADO\SanteMPI.Persistence.ADO.csproj", "{CDDDCFC9-7F4E-41C9-AE70-DBA115044275}"
EndProject
Project("{2150E333-8FDC-42A3-9474-1A3956D46DE8}") = "Solution Items", "Solution Items", "{CC41FDC2-DA37-42A1-BE9D-49F779067390}"
	ProjectSection(SolutionItems) = preProject
		Directory.Build.props = Directory.Build.props
		Dockerfile = Dockerfile
	EndProjectSection
EndProject
Project("{9A19103F-16F7-4668-BE54-9A1E7A4F7556}") = "SanteMPI.Messaging.IHE", "SanteMPI.Messaging.IHE\SanteMPI.Messaging.IHE.csproj", "{D5F5C6E2-FBED-4295-85FA-00777C8E7353}"
EndProject
Project("{FAE04EC0-301F-11D3-BF4B-00C04F79EFBC}") = "SanteMPI", "SanteMPI\SanteMPI.csproj", "{D6481699-8BDE-495D-B28E-BE6F309718DE}"
EndProject
Project("{9A19103F-16F7-4668-BE54-9A1E7A4F7556}") = "SanteMPI.i18n", "SanteMPI.i18n\SanteMPI.i18n.csproj", "{B5773AB6-F15D-4474-A852-B355C830ABA4}"
EndProject
Project("{9A19103F-16F7-4668-BE54-9A1E7A4F7556}") = "SanteMPI.Test", "SanteMPI.Test\SanteMPI.Test.csproj", "{59478BD0-8748-4E74-B175-74C989606901}"
EndProject
Global
	GlobalSection(SolutionConfigurationPlatforms) = preSolution
		Debug|Any CPU = Debug|Any CPU
		Release|Any CPU = Release|Any CPU
	EndGlobalSection
	GlobalSection(ProjectConfigurationPlatforms) = postSolution
		{CDDDCFC9-7F4E-41C9-AE70-DBA115044275}.Debug|Any CPU.ActiveCfg = Debug|Any CPU
		{CDDDCFC9-7F4E-41C9-AE70-DBA115044275}.Debug|Any CPU.Build.0 = Debug|Any CPU
		{CDDDCFC9-7F4E-41C9-AE70-DBA115044275}.Release|Any CPU.ActiveCfg = Release|Any CPU
		{CDDDCFC9-7F4E-41C9-AE70-DBA115044275}.Release|Any CPU.Build.0 = Release|Any CPU
		{D5F5C6E2-FBED-4295-85FA-00777C8E7353}.Debug|Any CPU.ActiveCfg = Debug|Any CPU
		{D5F5C6E2-FBED-4295-85FA-00777C8E7353}.Debug|Any CPU.Build.0 = Debug|Any CPU
		{D5F5C6E2-FBED-4295-85FA-00777C8E7353}.Release|Any CPU.ActiveCfg = Release|Any CPU
		{D5F5C6E2-FBED-4295-85FA-00777C8E7353}.Release|Any CPU.Build.0 = Release|Any CPU
		{D6481699-8BDE-495D-B28E-BE6F309718DE}.Debug|Any CPU.ActiveCfg = Debug|Any CPU
		{D6481699-8BDE-495D-B28E-BE6F309718DE}.Debug|Any CPU.Build.0 = Debug|Any CPU
		{D6481699-8BDE-495D-B28E-BE6F309718DE}.Release|Any CPU.ActiveCfg = Release|Any CPU
		{D6481699-8BDE-495D-B28E-BE6F309718DE}.Release|Any CPU.Build.0 = Release|Any CPU
		{B5773AB6-F15D-4474-A852-B355C830ABA4}.Debug|Any CPU.ActiveCfg = Debug|Any CPU
		{B5773AB6-F15D-4474-A852-B355C830ABA4}.Debug|Any CPU.Build.0 = Debug|Any CPU
		{B5773AB6-F15D-4474-A852-B355C830ABA4}.Release|Any CPU.ActiveCfg = Release|Any CPU
		{B5773AB6-F15D-4474-A852-B355C830ABA4}.Release|Any CPU.Build.0 = Release|Any CPU
		{59478BD0-8748-4E74-B175-74C989606901}.Debug|Any CPU.ActiveCfg = Debug|Any CPU
		{59478BD0-8748-4E74-B175-74C989606901}.Debug|Any CPU.Build.0 = Debug|Any CPU
		{59478BD0-8748-4E74-B175-74C989606901}.Release|Any CPU.ActiveCfg = Release|Any CPU
		{59478BD0-8748-4E74-B175-74C989606901}.Release|Any CPU.Build.0 = Release|Any CPU
	EndGlobalSection
	GlobalSection(SolutionProperties) = preSolution
		HideSolutionNode = FALSE
	EndGlobalSection
	GlobalSection(ExtensibilityGlobals) = postSolution
		SolutionGuid = {1BF698C9-EB0B-4CF0-96EC-80EF1605966D}
	EndGlobalSection
EndGlobal
